
Microsoft Visual Studio Solution File, Format Version 12.00
# Visual Studio Version 16
VisualStudioVersion = 16.0.29409.12
MinimumVisualStudioVersion = 10.0.40219.1
Project("{FAE04EC0-301F-11D3-BF4B-00C04F79EFBC}") = "Client-Side Prediction and Server Reconciliation", "Client-Side Prediction and Server Reconciliation\Client-Side Prediction and Server Reconciliation.csproj", "{B6856706-231F-4497-8BB8-863AC408EA93}"
EndProject
Global
	GlobalSection(SolutionConfigurationPlatforms) = preSolution
		Debug|Any CPU = Debug|Any CPU
		Release|Any CPU = Release|Any CPU
	EndGlobalSection
	GlobalSection(ProjectConfigurationPlatforms) = postSolution
		{B6856706-231F-4497-8BB8-863AC408EA93}.Debug|Any CPU.ActiveCfg = Debug|Any CPU
		{B6856706-231F-4497-8BB8-863AC408EA93}.Debug|Any CPU.Build.0 = Debug|Any CPU
		{B6856706-231F-4497-8BB8-863AC408EA93}.Release|Any CPU.ActiveCfg = Release|Any CPU
		{B6856706-231F-4497-8BB8-863AC408EA93}.Release|Any CPU.Build.0 = Release|Any CPU
	EndGlobalSection
	GlobalSection(SolutionProperties) = preSolution
		HideSolutionNode = FALSE
	EndGlobalSection
	GlobalSection(ExtensibilityGlobals) = postSolution
		SolutionGuid = {0FF5344A-D004-46D2-807A-AAD302AE6E4F}
	EndGlobalSection
EndGlobal
